
Microsoft Visual Studio Solution File, Format Version 12.00
# Visual Studio Version 16
VisualStudioVersion = 16.0.29025.244
MinimumVisualStudioVersion = 10.0.40219.1
Project("{A07B5EB6-E848-4116-A8D0-A826331D98C6}") = "ServiceFabricHosting", "ServiceFabricHosting\ServiceFabricHosting.sfproj", "{7E15B5DE-9A27-46F7-B627-82DA9A2536B9}"
EndProject
Project("{FAE04EC0-301F-11D3-BF4B-00C04F79EFBC}") = "ServiceFabricHosting.ExampleService", "ServiceFabricHosting.ExampleService\ServiceFabricHosting.ExampleService.csproj", "{68AE0E73-8AA0-4371-95C8-F6C36AB87696}"
EndProject
Global
	GlobalSection(SolutionConfigurationPlatforms) = preSolution
		Debug|Any CPU = Debug|Any CPU
		Debug|x64 = Debug|x64
		Release|Any CPU = Release|Any CPU
		Release|x64 = Release|x64
	EndGlobalSection
	GlobalSection(ProjectConfigurationPlatforms) = postSolution
		{7E15B5DE-9A27-46F7-B627-82DA9A2536B9}.Debug|Any CPU.ActiveCfg = Debug|x64
		{7E15B5DE-9A27-46F7-B627-82DA9A2536B9}.Debug|x64.ActiveCfg = Debug|x64
		{7E15B5DE-9A27-46F7-B627-82DA9A2536B9}.Debug|x64.Build.0 = Debug|x64
		{7E15B5DE-9A27-46F7-B627-82DA9A2536B9}.Debug|x64.Deploy.0 = Debug|x64
		{7E15B5DE-9A27-46F7-B627-82DA9A2536B9}.Release|Any CPU.ActiveCfg = Release|x64
		{7E15B5DE-9A27-46F7-B627-82DA9A2536B9}.Release|x64.ActiveCfg = Release|x64
		{7E15B5DE-9A27-46F7-B627-82DA9A2536B9}.Release|x64.Build.0 = Release|x64
		{7E15B5DE-9A27-46F7-B627-82DA9A2536B9}.Release|x64.Deploy.0 = Release|x64
		{68AE0E73-8AA0-4371-95C8-F6C36AB87696}.Debug|Any CPU.ActiveCfg = Debug|Any CPU
		{68AE0E73-8AA0-4371-95C8-F6C36AB87696}.Debug|Any CPU.Build.0 = Debug|Any CPU
		{68AE0E73-8AA0-4371-95C8-F6C36AB87696}.Debug|x64.ActiveCfg = Debug|Any CPU
		{68AE0E73-8AA0-4371-95C8-F6C36AB87696}.Debug|x64.Build.0 = Debug|Any CPU
		{68AE0E73-8AA0-4371-95C8-F6C36AB87696}.Release|Any CPU.ActiveCfg = Release|Any CPU
		{68AE0E73-8AA0-4371-95C8-F6C36AB87696}.Release|Any CPU.Build.0 = Release|Any CPU
		{68AE0E73-8AA0-4371-95C8-F6C36AB87696}.Release|x64.ActiveCfg = Release|Any CPU
		{68AE0E73-8AA0-4371-95C8-F6C36AB87696}.Release|x64.Build.0 = Release|Any CPU
	EndGlobalSection
	GlobalSection(SolutionProperties) = preSolution
		HideSolutionNode = FALSE
	EndGlobalSection
	GlobalSection(ExtensibilityGlobals) = postSolution
		SolutionGuid = {165733F8-0708-4145-AD5D-67E8CE67E2A3}
	EndGlobalSection
EndGlobal
